// !$*UTF8*$!
{
	archiveVersion = 1;
	classes = {
	};
	objectVersion = 46;
	objects = {

/* Begin PBXBuildFile section */
		92BF27601E871F8800B7296B /* main.c in Sources */ = {isa = PBXBuildFile; fileRef = 92BF275F1E871F8800B7296B /* main.c */; };
		92BF27681E871F9D00B7296B /* buffer.c in Sources */ = {isa = PBXBuildFile; fileRef = 92BF27661E871F9D00B7296B /* buffer.c */; };
		92BF276B1E8727B000B7296B /* watcher.c in Sources */ = {isa = PBXBuildFile; fileRef = 92BF27691E8727B000B7296B /* watcher.c */; };
/* End PBXBuildFile section */

/* Begin PBXCopyFilesBuildPhase section */
		92BF275A1E871F8800B7296B /* CopyFiles */ = {
			isa = PBXCopyFilesBuildPhase;
			buildActionMask = 2147483647;
			dstPath = /usr/share/man/man1/;
			dstSubfolderSpec = 0;
			files = (
			);
			runOnlyForDeploymentPostprocessing = 1;
		};
/* End PBXCopyFilesBuildPhase section */

/* Begin PBXFileReference section */
		92BF275C1E871F8800B7296B /* packet dump */ = {isa = PBXFileReference; explicitFileType = "compiled.mach-o.executable"; includeInIndex = 0; path = "packet dump"; sourceTree = BUILT_PRODUCTS_DIR; };
		92BF275F1E871F8800B7296B /* main.c */ = {isa = PBXFileReference; lastKnownFileType = sourcecode.c.c; path = main.c; sourceTree = "<group>"; };
		92BF27661E871F9D00B7296B /* buffer.c */ = {isa = PBXFileReference; fileEncoding = 4; lastKnownFileType = sourcecode.c.c; path = buffer.c; sourceTree = "<group>"; };
		92BF27671E871F9D00B7296B /* buffer.h */ = {isa = PBXFileReference; fileEncoding = 4; lastKnownFileType = sourcecode.c.h; path = buffer.h; sourceTree = "<group>"; };
		92BF27691E8727B000B7296B /* watcher.c */ = {isa = PBXFileReference; fileEncoding = 4; lastKnownFileType = sourcecode.c.c; path = watcher.c; sourceTree = "<group>"; };
		92BF276A1E8727B000B7296B /* watcher.h */ = {isa = PBXFileReference; fileEncoding = 4; lastKnownFileType = sourcecode.c.h; path = watcher.h; sourceTree = "<group>"; };
/* End PBXFileReference section */

/* Begin PBXFrameworksBuildPhase section */
		92BF27591E871F8800B7296B /* Frameworks */ = {
			isa = PBXFrameworksBuildPhase;
			buildActionMask = 2147483647;
			files = (
			);
			runOnlyForDeploymentPostprocessing = 0;
		};
/* End PBXFrameworksBuildPhase section */

/* Begin PBXGroup section */
		92BF27531E871F8800B7296B = {
			isa = PBXGroup;
			children = (
				92BF275E1E871F8800B7296B /* packet dump */,
				92BF275D1E871F8800B7296B /* Products */,
			);
			sourceTree = "<group>";
		};
		92BF275D1E871F8800B7296B /* Products */ = {
			isa = PBXGroup;
			children = (
				92BF275C1E871F8800B7296B /* packet dump */,
			);
			name = Products;
			sourceTree = "<group>";
		};
		92BF275E1E871F8800B7296B /* packet dump */ = {
			isa = PBXGroup;
			children = (
				92BF275F1E871F8800B7296B /* main.c */,
				92BF27691E8727B000B7296B /* watcher.c */,
				92BF276A1E8727B000B7296B /* watcher.h */,
				92BF27661E871F9D00B7296B /* buffer.c */,
				92BF27671E871F9D00B7296B /* buffer.h */,
			);
			path = "packet dump";
			sourceTree = "<group>";
		};
/* End PBXGroup section */

/* Begin PBXNativeTarget section */
		92BF275B1E871F8800B7296B /* packet dump */ = {
			isa = PBXNativeTarget;
			buildConfigurationList = 92BF27631E871F8800B7296B /* Build configuration list for PBXNativeTarget "packet dump" */;
			buildPhases = (
				92BF27581E871F8800B7296B /* Sources */,
				92BF27591E871F8800B7296B /* Frameworks */,
				92BF275A1E871F8800B7296B /* CopyFiles */,
			);
			buildRules = (
			);
			dependencies = (
			);
			name = "packet dump";
			productName = "packet dump";
			productReference = 92BF275C1E871F8800B7296B /* packet dump */;
			productType = "com.apple.product-type.tool";
		};
/* End PBXNativeTarget section */

/* Begin PBXProject section */
		92BF27541E871F8800B7296B /* Project object */ = {
			isa = PBXProject;
			attributes = {
				LastUpgradeCheck = 0820;
				ORGANIZATIONNAME = Denis;
				TargetAttributes = {
					92BF275B1E871F8800B7296B = {
						CreatedOnToolsVersion = 8.2.1;
						ProvisioningStyle = Automatic;
					};
				};
			};
			buildConfigurationList = 92BF27571E871F8800B7296B /* Build configuration list for PBXProject "packet dump" */;
			compatibilityVersion = "Xcode 3.2";
			developmentRegion = English;
			hasScannedForEncodings = 0;
			knownRegions = (
				en,
			);
			mainGroup = 92BF27531E871F8800B7296B;
			productRefGroup = 92BF275D1E871F8800B7296B /* Products */;
			projectDirPath = "";
			projectRoot = "";
			targets = (
				92BF275B1E871F8800B7296B /* packet dump */,
			);
		};
/* End PBXProject section */

/* Begin PBXSourcesBuildPhase section */
		92BF27581E871F8800B7296B /* Sources */ = {
			isa = PBXSourcesBuildPhase;
			buildActionMask = 2147483647;
			files = (
				92BF27601E871F8800B7296B /* main.c in Sources */,
				92BF27681E871F9D00B7296B /* buffer.c in Sources */,
				92BF276B1E8727B000B7296B /* watcher.c in Sources */,
			);
			runOnlyForDeploymentPostprocessing = 0;
		};
/* End PBXSourcesBuildPhase section */

/* Begin XCBuildConfiguration section */
		92BF27611E871F8800B7296B /* Debug */ = {
			isa = XCBuildConfiguration;
			buildSettings = {
				ALWAYS_SEARCH_USER_PATHS = NO;
				CLANG_ANALYZER_NONNULL = YES;
				CLANG_CXX_LANGUAGE_STANDARD = "gnu++0x";
				CLANG_CXX_LIBRARY = "libc++";
				CLANG_ENABLE_MODULES = YES;
				CLANG_ENABLE_OBJC_ARC = YES;
				CLANG_WARN_BOOL_CONVERSION = YES;
				CLANG_WARN_CONSTANT_CONVERSION = YES;
				CLANG_WARN_DIRECT_OBJC_ISA_USAGE = YES_ERROR;
				CLANG_WARN_DOCUMENTATION_COMMENTS = YES;
				CLANG_WARN_EMPTY_BODY = YES;
				CLANG_WARN_ENUM_CONVERSION = YES;
				CLANG_WARN_INFINITE_RECURSION = YES;
				CLANG_WARN_INT_CONVERSION = YES;
				CLANG_WARN_OBJC_ROOT_CLASS = YES_ERROR;
				CLANG_WARN_SUSPICIOUS_MOVE = YES;
				CLANG_WARN_UNREACHABLE_CODE = YES;
				CLANG_WARN__DUPLICATE_METHOD_MATCH = YES;
				CODE_SIGN_IDENTITY = "-";
				COPY_PHASE_STRIP = NO;
				DEBUG_INFORMATION_FORMAT = dwarf;
				ENABLE_STRICT_OBJC_MSGSEND = YES;
				ENABLE_TESTABILITY = YES;
				GCC_C_LANGUAGE_STANDARD = gnu99;
				GCC_DYNAMIC_NO_PIC = NO;
				GCC_NO_COMMON_BLOCKS = YES;
				GCC_OPTIMIZATION_LEVEL = 0;
				GCC_PREPROCESSOR_DEFINITIONS = (
					"DEBUG=1",
					"$(inherited)",
				);
				GCC_WARN_64_TO_32_BIT_CONVERSION = YES;
				GCC_WARN_ABOUT_RETURN_TYPE = YES_ERROR;
				GCC_WARN_UNDECLARED_SELECTOR = YES;
				GCC_WARN_UNINITIALIZED_AUTOS = YES_AGGRESSIVE;
				GCC_WARN_UNUSED_FUNCTION = YES;
				GCC_WARN_UNUSED_VARIABLE = YES;
				MACOSX_DEPLOYMENT_TARGET = 10.12;
				MTL_ENABLE_DEBUG_INFO = YES;
				ONLY_ACTIVE_ARCH = YES;
				SDKROOT = macosx;
			};
			name = Debug;
		};
		92BF27621E871F8800B7296B /* Release */ = {
			isa = XCBuildConfiguration;
			buildSettings = {
				ALWAYS_SEARCH_USER_PATHS = NO;
				CLANG_ANALYZER_NONNULL = YES;
				CLANG_CXX_LANGUAGE_STANDARD = "gnu++0x";
				CLANG_CXX_LIBRARY = "libc++";
				CLANG_ENABLE_MODULES = YES;
				CLANG_ENABLE_OBJC_ARC = YES;
				CLANG_WARN_BOOL_CONVERSION = YES;
				CLANG_WARN_CONSTANT_CONVERSION = YES;
				CLANG_WARN_DIRECT_OBJC_ISA_USAGE = YES_ERROR;
				CLANG_WARN_DOCUMENTATION_COMMENTS = YES;
				CLANG_WARN_EMPTY_BODY = YES;
				CLANG_WARN_ENUM_CONVERSION = YES;
				CLANG_WARN_INFINITE_RECURSION = YES;
				CLANG_WARN_INT_CONVERSION = YES;
				CLANG_WARN_OBJC_ROOT_CLASS = YES_ERROR;
				CLANG_WARN_SUSPICIOUS_MOVE = YES;
				CLANG_WARN_UNREACHABLE_CODE = YES;
				CLANG_WARN__DUPLICATE_METHOD_MATCH = YES;
				CODE_SIGN_IDENTITY = "-";
				COPY_PHASE_STRIP = NO;
				DEBUG_INFORMATION_FORMAT = "dwarf-with-dsym";
				ENABLE_NS_ASSERTIONS = NO;
				ENABLE_STRICT_OBJC_MSGSEND = YES;
				GCC_C_LANGUAGE_STANDARD = gnu99;
				GCC_NO_COMMON_BLOCKS = YES;
				GCC_WARN_64_TO_32_BIT_CONVERSION = YES;
				GCC_WARN_ABOUT_RETURN_TYPE = YES_ERROR;
				GCC_WARN_UNDECLARED_SELECTOR = YES;
				GCC_WARN_UNINITIALIZED_AUTOS = YES_AGGRESSIVE;
				GCC_WARN_UNUSED_FUNCTION = YES;
				GCC_WARN_UNUSED_VARIABLE = YES;
				MACOSX_DEPLOYMENT_TARGET = 10.12;
				MTL_ENABLE_DEBUG_INFO = NO;
				SDKROOT = macosx;
			};
			name = Release;
		};
		92BF27641E871F8800B7296B /* Debug */ = {
			isa = XCBuildConfiguration;
			buildSettings = {
				PRODUCT_NAME = "$(TARGET_NAME)";
			};
			name = Debug;
		};
		92BF27651E871F8800B7296B /* Release */ = {
			isa = XCBuildConfiguration;
			buildSettings = {
				PRODUCT_NAME = "$(TARGET_NAME)";
			};
			name = Release;
		};
/* End XCBuildConfiguration section */

/* Begin XCConfigurationList section */
		92BF27571E871F8800B7296B /* Build configuration list for PBXProject "packet dump" */ = {
			isa = XCConfigurationList;
			buildConfigurations = (
				92BF27611E871F8800B7296B /* Debug */,
				92BF27621E871F8800B7296B /* Release */,
			);
			defaultConfigurationIsVisible = 0;
			defaultConfigurationName = Release;
		};
		92BF27631E871F8800B7296B /* Build configuration list for PBXNativeTarget "packet dump" */ = {
			isa = XCConfigurationList;
			buildConfigurations = (
				92BF27641E871F8800B7296B /* Debug */,
				92BF27651E871F8800B7296B /* Release */,
			);
			defaultConfigurationIsVisible = 0;
		};
/* End XCConfigurationList section */
	};
	rootObject = 92BF27541E871F8800B7296B /* Project object */;
}
